
Microsoft Visual Studio Solution File, Format Version 12.00
# Visual Studio Version 17
VisualStudioVersion = 17.11.35303.130
MinimumVisualStudioVersion = 10.0.40219.1
Project("{2150E333-8FDC-42A3-9474-1A3956D46DE8}") = "Presentacion", "Presentacion", "{0D932E4A-67E3-4D5B-8829-2CEB86E02BE3}"
EndProject
Project("{2150E333-8FDC-42A3-9474-1A3956D46DE8}") = "Controladores", "Controladores", "{97759455-4A6C-4B59-A702-85266ABA344C}"
EndProject
Project("{2150E333-8FDC-42A3-9474-1A3956D46DE8}") = "Dominio", "Dominio", "{CE7B2665-EF09-4B0D-8931-FB1548428B23}"
EndProject
Project("{9A19103F-16F7-4668-BE54-9A1E7A4F7556}") = "Entidades", "Entidades\Entidades.csproj", "{B43E01A5-60A3-4CAD-8925-14E37AA65100}"
EndProject
Project("{9A19103F-16F7-4668-BE54-9A1E7A4F7556}") = "Persistencia", "Persistencia\Persistencia.csproj", "{925468FB-7E1F-4161-BBA4-9333517DC607}"
EndProject
Project("{9A19103F-16F7-4668-BE54-9A1E7A4F7556}") = "LogicaNegocio", "LogicaNegocio\LogicaNegocio.csproj", "{927AD283-0D92-4477-A1B6-FF4D9F44DA46}"
EndProject
Project("{9A19103F-16F7-4668-BE54-9A1E7A4F7556}") = "FabricaObjetos", "FabricaObjetos\FabricaObjetos.csproj", "{746AA8C3-E2C2-435B-8C4E-E6A657AE8FBA}"
EndProject
Project("{9A19103F-16F7-4668-BE54-9A1E7A4F7556}") = "DTO", "DTO\DTO.csproj", "{9F3F6DB5-B896-4DCB-9C11-3DAB9208D96F}"
EndProject
Project("{9A19103F-16F7-4668-BE54-9A1E7A4F7556}") = "SistemaClientes", "SistemaClientes\SistemaClientes.csproj", "{33CB9E93-3D2F-4DAA-87C1-BFC1B7D059E3}"
EndProject
Project("{9A19103F-16F7-4668-BE54-9A1E7A4F7556}") = "GestorDocumentos", "GestorDocumentos\GestorDocumentos.csproj", "{1654BBA0-A76A-45D5-9142-980275A0849A}"
EndProject
Project("{9A19103F-16F7-4668-BE54-9A1E7A4F7556}") = "Fachada", "Fachada\Fachada.csproj", "{A4AD6B90-E6B3-494F-9DAB-04795103B462}"
EndProject
Project("{9A19103F-16F7-4668-BE54-9A1E7A4F7556}") = "Controladores", "Controladores\Controladores.csproj", "{ED1CAA00-7C5A-4840-ACDD-93A0E93F9E75}"
EndProject
Project("{9A19103F-16F7-4668-BE54-9A1E7A4F7556}") = "FabricaObjetosRepository", "FabricaObjetosRepository\FabricaObjetosRepository.csproj", "{B3CC0EA1-4A65-45ED-93BB-2FA5A4481EE4}"
EndProject
Project("{FAE04EC0-301F-11D3-BF4B-00C04F79EFBC}") = "VistaConsola", "VistaConsola\VistaConsola.csproj", "{8C07D256-4157-470E-845F-43B64B8DE595}"
EndProject
Global
	GlobalSection(SolutionConfigurationPlatforms) = preSolution
		Debug|Any CPU = Debug|Any CPU
		Release|Any CPU = Release|Any CPU
	EndGlobalSection
	GlobalSection(ProjectConfigurationPlatforms) = postSolution
		{B43E01A5-60A3-4CAD-8925-14E37AA65100}.Debug|Any CPU.ActiveCfg = Debug|Any CPU
		{B43E01A5-60A3-4CAD-8925-14E37AA65100}.Debug|Any CPU.Build.0 = Debug|Any CPU
		{B43E01A5-60A3-4CAD-8925-14E37AA65100}.Release|Any CPU.ActiveCfg = Release|Any CPU
		{B43E01A5-60A3-4CAD-8925-14E37AA65100}.Release|Any CPU.Build.0 = Release|Any CPU
		{925468FB-7E1F-4161-BBA4-9333517DC607}.Debug|Any CPU.ActiveCfg = Debug|Any CPU
		{925468FB-7E1F-4161-BBA4-9333517DC607}.Debug|Any CPU.Build.0 = Debug|Any CPU
		{925468FB-7E1F-4161-BBA4-9333517DC607}.Release|Any CPU.ActiveCfg = Release|Any CPU
		{925468FB-7E1F-4161-BBA4-9333517DC607}.Release|Any CPU.Build.0 = Release|Any CPU
		{927AD283-0D92-4477-A1B6-FF4D9F44DA46}.Debug|Any CPU.ActiveCfg = Debug|Any CPU
		{927AD283-0D92-4477-A1B6-FF4D9F44DA46}.Debug|Any CPU.Build.0 = Debug|Any CPU
		{927AD283-0D92-4477-A1B6-FF4D9F44DA46}.Release|Any CPU.ActiveCfg = Release|Any CPU
		{927AD283-0D92-4477-A1B6-FF4D9F44DA46}.Release|Any CPU.Build.0 = Release|Any CPU
		{746AA8C3-E2C2-435B-8C4E-E6A657AE8FBA}.Debug|Any CPU.ActiveCfg = Debug|Any CPU
		{746AA8C3-E2C2-435B-8C4E-E6A657AE8FBA}.Debug|Any CPU.Build.0 = Debug|Any CPU
		{746AA8C3-E2C2-435B-8C4E-E6A657AE8FBA}.Release|Any CPU.ActiveCfg = Release|Any CPU
		{746AA8C3-E2C2-435B-8C4E-E6A657AE8FBA}.Release|Any CPU.Build.0 = Release|Any CPU
		{9F3F6DB5-B896-4DCB-9C11-3DAB9208D96F}.Debug|Any CPU.ActiveCfg = Debug|Any CPU
		{9F3F6DB5-B896-4DCB-9C11-3DAB9208D96F}.Debug|Any CPU.Build.0 = Debug|Any CPU
		{9F3F6DB5-B896-4DCB-9C11-3DAB9208D96F}.Release|Any CPU.ActiveCfg = Release|Any CPU
		{9F3F6DB5-B896-4DCB-9C11-3DAB9208D96F}.Release|Any CPU.Build.0 = Release|Any CPU
		{33CB9E93-3D2F-4DAA-87C1-BFC1B7D059E3}.Debug|Any CPU.ActiveCfg = Debug|Any CPU
		{33CB9E93-3D2F-4DAA-87C1-BFC1B7D059E3}.Debug|Any CPU.Build.0 = Debug|Any CPU
		{33CB9E93-3D2F-4DAA-87C1-BFC1B7D059E3}.Release|Any CPU.ActiveCfg = Release|Any CPU
		{33CB9E93-3D2F-4DAA-87C1-BFC1B7D059E3}.Release|Any CPU.Build.0 = Release|Any CPU
		{1654BBA0-A76A-45D5-9142-980275A0849A}.Debug|Any CPU.ActiveCfg = Debug|Any CPU
		{1654BBA0-A76A-45D5-9142-980275A0849A}.Debug|Any CPU.Build.0 = Debug|Any CPU
		{1654BBA0-A76A-45D5-9142-980275A0849A}.Release|Any CPU.ActiveCfg = Release|Any CPU
		{1654BBA0-A76A-45D5-9142-980275A0849A}.Release|Any CPU.Build.0 = Release|Any CPU
		{A4AD6B90-E6B3-494F-9DAB-04795103B462}.Debug|Any CPU.ActiveCfg = Debug|Any CPU
		{A4AD6B90-E6B3-494F-9DAB-04795103B462}.Debug|Any CPU.Build.0 = Debug|Any CPU
		{A4AD6B90-E6B3-494F-9DAB-04795103B462}.Release|Any CPU.ActiveCfg = Release|Any CPU
		{A4AD6B90-E6B3-494F-9DAB-04795103B462}.Release|Any CPU.Build.0 = Release|Any CPU
		{ED1CAA00-7C5A-4840-ACDD-93A0E93F9E75}.Debug|Any CPU.ActiveCfg = Debug|Any CPU
		{ED1CAA00-7C5A-4840-ACDD-93A0E93F9E75}.Debug|Any CPU.Build.0 = Debug|Any CPU
		{ED1CAA00-7C5A-4840-ACDD-93A0E93F9E75}.Release|Any CPU.ActiveCfg = Release|Any CPU
		{ED1CAA00-7C5A-4840-ACDD-93A0E93F9E75}.Release|Any CPU.Build.0 = Release|Any CPU
		{B3CC0EA1-4A65-45ED-93BB-2FA5A4481EE4}.Debug|Any CPU.ActiveCfg = Debug|Any CPU
		{B3CC0EA1-4A65-45ED-93BB-2FA5A4481EE4}.Debug|Any CPU.Build.0 = Debug|Any CPU
		{B3CC0EA1-4A65-45ED-93BB-2FA5A4481EE4}.Release|Any CPU.ActiveCfg = Release|Any CPU
		{B3CC0EA1-4A65-45ED-93BB-2FA5A4481EE4}.Release|Any CPU.Build.0 = Release|Any CPU
		{8C07D256-4157-470E-845F-43B64B8DE595}.Debug|Any CPU.ActiveCfg = Debug|Any CPU
		{8C07D256-4157-470E-845F-43B64B8DE595}.Debug|Any CPU.Build.0 = Debug|Any CPU
		{8C07D256-4157-470E-845F-43B64B8DE595}.Release|Any CPU.ActiveCfg = Release|Any CPU
		{8C07D256-4157-470E-845F-43B64B8DE595}.Release|Any CPU.Build.0 = Release|Any CPU
	EndGlobalSection
	GlobalSection(SolutionProperties) = preSolution
		HideSolutionNode = FALSE
	EndGlobalSection
	GlobalSection(NestedProjects) = preSolution
		{B43E01A5-60A3-4CAD-8925-14E37AA65100} = {CE7B2665-EF09-4B0D-8931-FB1548428B23}
		{925468FB-7E1F-4161-BBA4-9333517DC607} = {CE7B2665-EF09-4B0D-8931-FB1548428B23}
		{927AD283-0D92-4477-A1B6-FF4D9F44DA46} = {97759455-4A6C-4B59-A702-85266ABA344C}
		{33CB9E93-3D2F-4DAA-87C1-BFC1B7D059E3} = {CE7B2665-EF09-4B0D-8931-FB1548428B23}
		{1654BBA0-A76A-45D5-9142-980275A0849A} = {CE7B2665-EF09-4B0D-8931-FB1548428B23}
		{A4AD6B90-E6B3-494F-9DAB-04795103B462} = {97759455-4A6C-4B59-A702-85266ABA344C}
		{ED1CAA00-7C5A-4840-ACDD-93A0E93F9E75} = {97759455-4A6C-4B59-A702-85266ABA344C}
		{8C07D256-4157-470E-845F-43B64B8DE595} = {0D932E4A-67E3-4D5B-8829-2CEB86E02BE3}
	EndGlobalSection
	GlobalSection(ExtensibilityGlobals) = postSolution
		SolutionGuid = {8F1021AE-C6FB-47DE-8803-15BDF75CF578}
	EndGlobalSection
EndGlobal
